// !$*UTF8*$!
{
	archiveVersion = 1;
	classes = {
	};
	objectVersion = 46;
	objects = {

/* Begin PBXBuildFile section */
		A90D76B11D09698000A4D7A1 /* AppDelegate.swift in Sources */ = {isa = PBXBuildFile; fileRef = A90D76B01D09698000A4D7A1 /* AppDelegate.swift */; };
		A90D76B31D09698000A4D7A1 /* ViewController.swift in Sources */ = {isa = PBXBuildFile; fileRef = A90D76B21D09698000A4D7A1 /* ViewController.swift */; };
		A90D76B61D09698000A4D7A1 /* Main.storyboard in Resources */ = {isa = PBXBuildFile; fileRef = A90D76B41D09698000A4D7A1 /* Main.storyboard */; };
		A90D76B81D09698000A4D7A1 /* Assets.xcassets in Resources */ = {isa = PBXBuildFile; fileRef = A90D76B71D09698000A4D7A1 /* Assets.xcassets */; };
		A90D76BB1D09698000A4D7A1 /* LaunchScreen.storyboard in Resources */ = {isa = PBXBuildFile; fileRef = A90D76B91D09698000A4D7A1 /* LaunchScreen.storyboard */; };
		A90D76C61D09698000A4D7A1 /* pitch_perfectTests.swift in Sources */ = {isa = PBXBuildFile; fileRef = A90D76C51D09698000A4D7A1 /* pitch_perfectTests.swift */; };
		A90D76D11D09698000A4D7A1 /* pitch_perfectUITests.swift in Sources */ = {isa = PBXBuildFile; fileRef = A90D76D01D09698000A4D7A1 /* pitch_perfectUITests.swift */; };
/* End PBXBuildFile section */

/* Begin PBXContainerItemProxy section */
		A90D76C21D09698000A4D7A1 /* PBXContainerItemProxy */ = {
			isa = PBXContainerItemProxy;
			containerPortal = A90D76A51D09698000A4D7A1 /* Project object */;
			proxyType = 1;
			remoteGlobalIDString = A90D76AC1D09698000A4D7A1;
			remoteInfo = pitch_perfect;
		};
		A90D76CD1D09698000A4D7A1 /* PBXContainerItemProxy */ = {
			isa = PBXContainerItemProxy;
			containerPortal = A90D76A51D09698000A4D7A1 /* Project object */;
			proxyType = 1;
			remoteGlobalIDString = A90D76AC1D09698000A4D7A1;
			remoteInfo = pitch_perfect;
		};
/* End PBXContainerItemProxy section */

/* Begin PBXFileReference section */
		A90D76AD1D09698000A4D7A1 /* pitch_perfect.app */ = {isa = PBXFileReference; explicitFileType = wrapper.application; includeInIndex = 0; path = pitch_perfect.app; sourceTree = BUILT_PRODUCTS_DIR; };
		A90D76B01D09698000A4D7A1 /* AppDelegate.swift */ = {isa = PBXFileReference; lastKnownFileType = sourcecode.swift; path = AppDelegate.swift; sourceTree = "<group>"; };
		A90D76B21D09698000A4D7A1 /* ViewController.swift */ = {isa = PBXFileReference; lastKnownFileType = sourcecode.swift; path = ViewController.swift; sourceTree = "<group>"; };
		A90D76B51D09698000A4D7A1 /* Base */ = {isa = PBXFileReference; lastKnownFileType = file.storyboard; name = Base; path = Base.lproj/Main.storyboard; sourceTree = "<group>"; };
		A90D76B71D09698000A4D7A1 /* Assets.xcassets */ = {isa = PBXFileReference; lastKnownFileType = folder.assetcatalog; path = Assets.xcassets; sourceTree = "<group>"; };
		A90D76BA1D09698000A4D7A1 /* Base */ = {isa = PBXFileReference; lastKnownFileType = file.storyboard; name = Base; path = Base.lproj/LaunchScreen.storyboard; sourceTree = "<group>"; };
		A90D76BC1D09698000A4D7A1 /* Info.plist */ = {isa = PBXFileReference; lastKnownFileType = text.plist.xml; path = Info.plist; sourceTree = "<group>"; };
		A90D76C11D09698000A4D7A1 /* pitch_perfectTests.xctest */ = {isa = PBXFileReference; explicitFileType = wrapper.cfbundle; includeInIndex = 0; path = pitch_perfectTests.xctest; sourceTree = BUILT_PRODUCTS_DIR; };
		A90D76C51D09698000A4D7A1 /* pitch_perfectTests.swift */ = {isa = PBXFileReference; lastKnownFileType = sourcecode.swift; path = pitch_perfectTests.swift; sourceTree = "<group>"; };
		A90D76C71D09698000A4D7A1 /* Info.plist */ = {isa = PBXFileReference; lastKnownFileType = text.plist.xml; path = Info.plist; sourceTree = "<group>"; };
		A90D76CC1D09698000A4D7A1 /* pitch_perfectUITests.xctest */ = {isa = PBXFileReference; explicitFileType = wrapper.cfbundle; includeInIndex = 0; path = pitch_perfectUITests.xctest; sourceTree = BUILT_PRODUCTS_DIR; };
		A90D76D01D09698000A4D7A1 /* pitch_perfectUITests.swift */ = {isa = PBXFileReference; lastKnownFileType = sourcecode.swift; path = pitch_perfectUITests.swift; sourceTree = "<group>"; };
		A90D76D21D09698000A4D7A1 /* Info.plist */ = {isa = PBXFileReference; lastKnownFileType = text.plist.xml; path = Info.plist; sourceTree = "<group>"; };
/* End PBXFileReference section */

/* Begin PBXFrameworksBuildPhase section */
		A90D76AA1D09698000A4D7A1 /* Frameworks */ = {
			isa = PBXFrameworksBuildPhase;
			buildActionMask = 2147483647;
			files = (
			);
			runOnlyForDeploymentPostprocessing = 0;
		};
		A90D76BE1D09698000A4D7A1 /* Frameworks */ = {
			isa = PBXFrameworksBuildPhase;
			buildActionMask = 2147483647;
			files = (
			);
			runOnlyForDeploymentPostprocessing = 0;
		};
		A90D76C91D09698000A4D7A1 /* Frameworks */ = {
			isa = PBXFrameworksBuildPhase;
			buildActionMask = 2147483647;
			files = (
			);
			runOnlyForDeploymentPostprocessing = 0;
		};
/* End PBXFrameworksBuildPhase section */

/* Begin PBXGroup section */
		A90D76A41D09698000A4D7A1 = {
			isa = PBXGroup;
			children = (
				A90D76AF1D09698000A4D7A1 /* pitch_perfect */,
				A90D76C41D09698000A4D7A1 /* pitch_perfectTests */,
				A90D76CF1D09698000A4D7A1 /* pitch_perfectUITests */,
				A90D76AE1D09698000A4D7A1 /* Products */,
			);
			sourceTree = "<group>";
		};
		A90D76AE1D09698000A4D7A1 /* Products */ = {
			isa = PBXGroup;
			children = (
				A90D76AD1D09698000A4D7A1 /* pitch_perfect.app */,
				A90D76C11D09698000A4D7A1 /* pitch_perfectTests.xctest */,
				A90D76CC1D09698000A4D7A1 /* pitch_perfectUITests.xctest */,
			);
			name = Products;
			sourceTree = "<group>";
		};
		A90D76AF1D09698000A4D7A1 /* pitch_perfect */ = {
			isa = PBXGroup;
			children = (
				A90D76B01D09698000A4D7A1 /* AppDelegate.swift */,
				A90D76B21D09698000A4D7A1 /* ViewController.swift */,
				A90D76B41D09698000A4D7A1 /* Main.storyboard */,
				A90D76B71D09698000A4D7A1 /* Assets.xcassets */,
				A90D76B91D09698000A4D7A1 /* LaunchScreen.storyboard */,
				A90D76BC1D09698000A4D7A1 /* Info.plist */,
			);
			path = pitch_perfect;
			sourceTree = "<group>";
		};
		A90D76C41D09698000A4D7A1 /* pitch_perfectTests */ = {
			isa = PBXGroup;
			children = (
				A90D76C51D09698000A4D7A1 /* pitch_perfectTests.swift */,
				A90D76C71D09698000A4D7A1 /* Info.plist */,
			);
			path = pitch_perfectTests;
			sourceTree = "<group>";
		};
		A90D76CF1D09698000A4D7A1 /* pitch_perfectUITests */ = {
			isa = PBXGroup;
			children = (
				A90D76D01D09698000A4D7A1 /* pitch_perfectUITests.swift */,
				A90D76D21D09698000A4D7A1 /* Info.plist */,
			);
			path = pitch_perfectUITests;
			sourceTree = "<group>";
		};
/* End PBXGroup section */

/* Begin PBXNativeTarget section */
		A90D76AC1D09698000A4D7A1 /* pitch_perfect */ = {
			isa = PBXNativeTarget;
			buildConfigurationList = A90D76D51D09698000A4D7A1 /* Build configuration list for PBXNativeTarget "pitch_perfect" */;
			buildPhases = (
				A90D76A91D09698000A4D7A1 /* Sources */,
				A90D76AA1D09698000A4D7A1 /* Frameworks */,
				A90D76AB1D09698000A4D7A1 /* Resources */,
			);
			buildRules = (
			);
			dependencies = (
			);
			name = pitch_perfect;
			productName = pitch_perfect;
			productReference = A90D76AD1D09698000A4D7A1 /* pitch_perfect.app */;
			productType = "com.apple.product-type.application";
		};
		A90D76C01D09698000A4D7A1 /* pitch_perfectTests */ = {
			isa = PBXNativeTarget;
			buildConfigurationList = A90D76D81D09698000A4D7A1 /* Build configuration list for PBXNativeTarget "pitch_perfectTests" */;
			buildPhases = (
				A90D76BD1D09698000A4D7A1 /* Sources */,
				A90D76BE1D09698000A4D7A1 /* Frameworks */,
				A90D76BF1D09698000A4D7A1 /* Resources */,
			);
			buildRules = (
			);
			dependencies = (
				A90D76C31D09698000A4D7A1 /* PBXTargetDependency */,
			);
			name = pitch_perfectTests;
			productName = pitch_perfectTests;
			productReference = A90D76C11D09698000A4D7A1 /* pitch_perfectTests.xctest */;
			productType = "com.apple.product-type.bundle.unit-test";
		};
		A90D76CB1D09698000A4D7A1 /* pitch_perfectUITests */ = {
			isa = PBXNativeTarget;
			buildConfigurationList = A90D76DB1D09698000A4D7A1 /* Build configuration list for PBXNativeTarget "pitch_perfectUITests" */;
			buildPhases = (
				A90D76C81D09698000A4D7A1 /* Sources */,
				A90D76C91D09698000A4D7A1 /* Frameworks */,
				A90D76CA1D09698000A4D7A1 /* Resources */,
			);
			buildRules = (
			);
			dependencies = (
				A90D76CE1D09698000A4D7A1 /* PBXTargetDependency */,
			);
			name = pitch_perfectUITests;
			productName = pitch_perfectUITests;
			productReference = A90D76CC1D09698000A4D7A1 /* pitch_perfectUITests.xctest */;
			productType = "com.apple.product-type.bundle.ui-testing";
		};
/* End PBXNativeTarget section */

/* Begin PBXProject section */
		A90D76A51D09698000A4D7A1 /* Project object */ = {
			isa = PBXProject;
			attributes = {
				LastSwiftUpdateCheck = 0730;
				LastUpgradeCheck = 0730;
				ORGANIZATIONNAME = Rawnet;
				TargetAttributes = {
					A90D76AC1D09698000A4D7A1 = {
						CreatedOnToolsVersion = 7.3.1;
					};
					A90D76C01D09698000A4D7A1 = {
						CreatedOnToolsVersion = 7.3.1;
						TestTargetID = A90D76AC1D09698000A4D7A1;
					};
					A90D76CB1D09698000A4D7A1 = {
						CreatedOnToolsVersion = 7.3.1;
						TestTargetID = A90D76AC1D09698000A4D7A1;
					};
				};
			};
			buildConfigurationList = A90D76A81D09698000A4D7A1 /* Build configuration list for PBXProject "pitch_perfect" */;
			compatibilityVersion = "Xcode 3.2";
			developmentRegion = English;
			hasScannedForEncodings = 0;
			knownRegions = (
				en,
				Base,
			);
			mainGroup = A90D76A41D09698000A4D7A1;
			productRefGroup = A90D76AE1D09698000A4D7A1 /* Products */;
			projectDirPath = "";
			projectRoot = "";
			targets = (
				A90D76AC1D09698000A4D7A1 /* pitch_perfect */,
				A90D76C01D09698000A4D7A1 /* pitch_perfectTests */,
				A90D76CB1D09698000A4D7A1 /* pitch_perfectUITests */,
			);
		};
/* End PBXProject section */

/* Begin PBXResourcesBuildPhase section */
		A90D76AB1D09698000A4D7A1 /* Resources */ = {
			isa = PBXResourcesBuildPhase;
			buildActionMask = 2147483647;
			files = (
				A90D76BB1D09698000A4D7A1 /* LaunchScreen.storyboard in Resources */,
				A90D76B81D09698000A4D7A1 /* Assets.xcassets in Resources */,
				A90D76B61D09698000A4D7A1 /* Main.storyboard in Resources */,
			);
			runOnlyForDeploymentPostprocessing = 0;
		};
		A90D76BF1D09698000A4D7A1 /* Resources */ = {
			isa = PBXResourcesBuildPhase;
			buildActionMask = 2147483647;
			files = (
			);
			runOnlyForDeploymentPostprocessing = 0;
		};
		A90D76CA1D09698000A4D7A1 /* Resources */ = {
			isa = PBXResourcesBuildPhase;
			buildActionMask = 2147483647;
			files = (
			);
			runOnlyForDeploymentPostprocessing = 0;
		};
/* End PBXResourcesBuildPhase section */

/* Begin PBXSourcesBuildPhase section */
		A90D76A91D09698000A4D7A1 /* Sources */ = {
			isa = PBXSourcesBuildPhase;
			buildActionMask = 2147483647;
			files = (
				A90D76B31D09698000A4D7A1 /* ViewController.swift in Sources */,
				A90D76B11D09698000A4D7A1 /* AppDelegate.swift in Sources */,
			);
			runOnlyForDeploymentPostprocessing = 0;
		};
		A90D76BD1D09698000A4D7A1 /* Sources */ = {
			isa = PBXSourcesBuildPhase;
			buildActionMask = 2147483647;
			files = (
				A90D76C61D09698000A4D7A1 /* pitch_perfectTests.swift in Sources */,
			);
			runOnlyForDeploymentPostprocessing = 0;
		};
		A90D76C81D09698000A4D7A1 /* Sources */ = {
			isa = PBXSourcesBuildPhase;
			buildActionMask = 2147483647;
			files = (
				A90D76D11D09698000A4D7A1 /* pitch_perfectUITests.swift in Sources */,
			);
			runOnlyForDeploymentPostprocessing = 0;
		};
/* End PBXSourcesBuildPhase section */

/* Begin PBXTargetDependency section */
		A90D76C31D09698000A4D7A1 /* PBXTargetDependency */ = {
			isa = PBXTargetDependency;
			target = A90D76AC1D09698000A4D7A1 /* pitch_perfect */;
			targetProxy = A90D76C21D09698000A4D7A1 /* PBXContainerItemProxy */;
		};
		A90D76CE1D09698000A4D7A1 /* PBXTargetDependency */ = {
			isa = PBXTargetDependency;
			target = A90D76AC1D09698000A4D7A1 /* pitch_perfect */;
			targetProxy = A90D76CD1D09698000A4D7A1 /* PBXContainerItemProxy */;
		};
/* End PBXTargetDependency section */

/* Begin PBXVariantGroup section */
		A90D76B41D09698000A4D7A1 /* Main.storyboard */ = {
			isa = PBXVariantGroup;
			children = (
				A90D76B51D09698000A4D7A1 /* Base */,
			);
			name = Main.storyboard;
			sourceTree = "<group>";
		};
		A90D76B91D09698000A4D7A1 /* LaunchScreen.storyboard */ = {
			isa = PBXVariantGroup;
			children = (
				A90D76BA1D09698000A4D7A1 /* Base */,
			);
			name = LaunchScreen.storyboard;
			sourceTree = "<group>";
		};
/* End PBXVariantGroup section */

/* Begin XCBuildConfiguration section */
		A90D76D31D09698000A4D7A1 /* Debug */ = {
			isa = XCBuildConfiguration;
			buildSettings = {
				ALWAYS_SEARCH_USER_PATHS = NO;
				CLANG_ANALYZER_NONNULL = YES;
				CLANG_CXX_LANGUAGE_STANDARD = "gnu++0x";
				CLANG_CXX_LIBRARY = "libc++";
				CLANG_ENABLE_MODULES = YES;
				CLANG_ENABLE_OBJC_ARC = YES;
				CLANG_WARN_BOOL_CONVERSION = YES;
				CLANG_WARN_CONSTANT_CONVERSION = YES;
				CLANG_WARN_DIRECT_OBJC_ISA_USAGE = YES_ERROR;
				CLANG_WARN_EMPTY_BODY = YES;
				CLANG_WARN_ENUM_CONVERSION = YES;
				CLANG_WARN_INT_CONVERSION = YES;
				CLANG_WARN_OBJC_ROOT_CLASS = YES_ERROR;
				CLANG_WARN_UNREACHABLE_CODE = YES;
				CLANG_WARN__DUPLICATE_METHOD_MATCH = YES;
				"CODE_SIGN_IDENTITY[sdk=iphoneos*]" = "iPhone Developer";
				COPY_PHASE_STRIP = NO;
				DEBUG_INFORMATION_FORMAT = dwarf;
				ENABLE_STRICT_OBJC_MSGSEND = YES;
				ENABLE_TESTABILITY = YES;
				GCC_C_LANGUAGE_STANDARD = gnu99;
				GCC_DYNAMIC_NO_PIC = NO;
				GCC_NO_COMMON_BLOCKS = YES;
				GCC_OPTIMIZATION_LEVEL = 0;
				GCC_PREPROCESSOR_DEFINITIONS = (
					"DEBUG=1",
					"$(inherited)",
				);
				GCC_WARN_64_TO_32_BIT_CONVERSION = YES;
				GCC_WARN_ABOUT_RETURN_TYPE = YES_ERROR;
				GCC_WARN_UNDECLARED_SELECTOR = YES;
				GCC_WARN_UNINITIALIZED_AUTOS = YES_AGGRESSIVE;
				GCC_WARN_UNUSED_FUNCTION = YES;
				GCC_WARN_UNUSED_VARIABLE = YES;
				IPHONEOS_DEPLOYMENT_TARGET = 9.3;
				MTL_ENABLE_DEBUG_INFO = YES;
				ONLY_ACTIVE_ARCH = YES;
				SDKROOT = iphoneos;
				SWIFT_OPTIMIZATION_LEVEL = "-Onone";
				TARGETED_DEVICE_FAMILY = "1,2";
			};
			name = Debug;
		};
		A90D76D41D09698000A4D7A1 /* Release */ = {
			isa = XCBuildConfiguration;
			buildSettings = {
				ALWAYS_SEARCH_USER_PATHS = NO;
				CLANG_ANALYZER_NONNULL = YES;
				CLANG_CXX_LANGUAGE_STANDARD = "gnu++0x";
				CLANG_CXX_LIBRARY = "libc++";
				CLANG_ENABLE_MODULES = YES;
				CLANG_ENABLE_OBJC_ARC = YES;
				CLANG_WARN_BOOL_CONVERSION = YES;
				CLANG_WARN_CONSTANT_CONVERSION = YES;
				CLANG_WARN_DIRECT_OBJC_ISA_USAGE = YES_ERROR;
				CLANG_WARN_EMPTY_BODY = YES;
				CLANG_WARN_ENUM_CONVERSION = YES;
				CLANG_WARN_INT_CONVERSION = YES;
				CLANG_WARN_OBJC_ROOT_CLASS = YES_ERROR;
				CLANG_WARN_UNREACHABLE_CODE = YES;
				CLANG_WARN__DUPLICATE_METHOD_MATCH = YES;
				"CODE_SIGN_IDENTITY[sdk=iphoneos*]" = "iPhone Developer";
				COPY_PHASE_STRIP = NO;
				DEBUG_INFORMATION_FORMAT = "dwarf-with-dsym";
				ENABLE_NS_ASSERTIONS = NO;
				ENABLE_STRICT_OBJC_MSGSEND = YES;
				GCC_C_LANGUAGE_STANDARD = gnu99;
				GCC_NO_COMMON_BLOCKS = YES;
				GCC_WARN_64_TO_32_BIT_CONVERSION = YES;
				GCC_WARN_ABOUT_RETURN_TYPE = YES_ERROR;
				GCC_WARN_UNDECLARED_SELECTOR = YES;
				GCC_WARN_UNINITIALIZED_AUTOS = YES_AGGRESSIVE;
				GCC_WARN_UNUSED_FUNCTION = YES;
				GCC_WARN_UNUSED_VARIABLE = YES;
				IPHONEOS_DEPLOYMENT_TARGET = 9.3;
				MTL_ENABLE_DEBUG_INFO = NO;
				SDKROOT = iphoneos;
				TARGETED_DEVICE_FAMILY = "1,2";
				VALIDATE_PRODUCT = YES;
			};
			name = Release;
		};
		A90D76D61D09698000A4D7A1 /* Debug */ = {
			isa = XCBuildConfiguration;
			buildSettings = {
				ASSETCATALOG_COMPILER_APPICON_NAME = AppIcon;
				INFOPLIST_FILE = pitch_perfect/Info.plist;
				LD_RUNPATH_SEARCH_PATHS = "$(inherited) @executable_path/Frameworks";
				PRODUCT_BUNDLE_IDENTIFIER = "com.example.pitch-perfect";
				PRODUCT_NAME = "$(TARGET_NAME)";
			};
			name = Debug;
		};
		A90D76D71D09698000A4D7A1 /* Release */ = {
			isa = XCBuildConfiguration;
			buildSettings = {
				ASSETCATALOG_COMPILER_APPICON_NAME = AppIcon;
				INFOPLIST_FILE = pitch_perfect/Info.plist;
				LD_RUNPATH_SEARCH_PATHS = "$(inherited) @executable_path/Frameworks";
				PRODUCT_BUNDLE_IDENTIFIER = "com.example.pitch-perfect";
				PRODUCT_NAME = "$(TARGET_NAME)";
			};
			name = Release;
		};
		A90D76D91D09698000A4D7A1 /* Debug */ = {
			isa = XCBuildConfiguration;
			buildSettings = {
				BUNDLE_LOADER = "$(TEST_HOST)";
				INFOPLIST_FILE = pitch_perfectTests/Info.plist;
				LD_RUNPATH_SEARCH_PATHS = "$(inherited) @executable_path/Frameworks @loader_path/Frameworks";
				PRODUCT_BUNDLE_IDENTIFIER = "com.example.pitch-perfectTests";
				PRODUCT_NAME = "$(TARGET_NAME)";
				TEST_HOST = "$(BUILT_PRODUCTS_DIR)/pitch_perfect.app/pitch_perfect";
			};
			name = Debug;
		};
		A90D76DA1D09698000A4D7A1 /* Release */ = {
			isa = XCBuildConfiguration;
			buildSettings = {
				BUNDLE_LOADER = "$(TEST_HOST)";
				INFOPLIST_FILE = pitch_perfectTests/Info.plist;
				LD_RUNPATH_SEARCH_PATHS = "$(inherited) @executable_path/Frameworks @loader_path/Frameworks";
				PRODUCT_BUNDLE_IDENTIFIER = "com.example.pitch-perfectTests";
				PRODUCT_NAME = "$(TARGET_NAME)";
				TEST_HOST = "$(BUILT_PRODUCTS_DIR)/pitch_perfect.app/pitch_perfect";
			};
			name = Release;
		};
		A90D76DC1D09698000A4D7A1 /* Debug */ = {
			isa = XCBuildConfiguration;
			buildSettings = {
				INFOPLIST_FILE = pitch_perfectUITests/Info.plist;
				LD_RUNPATH_SEARCH_PATHS = "$(inherited) @executable_path/Frameworks @loader_path/Frameworks";
				PRODUCT_BUNDLE_IDENTIFIER = "com.example.pitch-perfectUITests";
				PRODUCT_NAME = "$(TARGET_NAME)";
				TEST_TARGET_NAME = pitch_perfect;
			};
			name = Debug;
		};
		A90D76DD1D09698000A4D7A1 /* Release */ = {
			isa = XCBuildConfiguration;
			buildSettings = {
				INFOPLIST_FILE = pitch_perfectUITests/Info.plist;
				LD_RUNPATH_SEARCH_PATHS = "$(inherited) @executable_path/Frameworks @loader_path/Frameworks";
				PRODUCT_BUNDLE_IDENTIFIER = "com.example.pitch-perfectUITests";
				PRODUCT_NAME = "$(TARGET_NAME)";
				TEST_TARGET_NAME = pitch_perfect;
			};
			name = Release;
		};
/* End XCBuildConfiguration section */

/* Begin XCConfigurationList section */
		A90D76A81D09698000A4D7A1 /* Build configuration list for PBXProject "pitch_perfect" */ = {
			isa = XCConfigurationList;
			buildConfigurations = (
				A90D76D31D09698000A4D7A1 /* Debug */,
				A90D76D41D09698000A4D7A1 /* Release */,
			);
			defaultConfigurationIsVisible = 0;
			defaultConfigurationName = Release;
		};
		A90D76D51D09698000A4D7A1 /* Build configuration list for PBXNativeTarget "pitch_perfect" */ = {
			isa = XCConfigurationList;
			buildConfigurations = (
				A90D76D61D09698000A4D7A1 /* Debug */,
				A90D76D71D09698000A4D7A1 /* Release */,
			);
			defaultConfigurationIsVisible = 0;
		};
		A90D76D81D09698000A4D7A1 /* Build configuration list for PBXNativeTarget "pitch_perfectTests" */ = {
			isa = XCConfigurationList;
			buildConfigurations = (
				A90D76D91D09698000A4D7A1 /* Debug */,
				A90D76DA1D09698000A4D7A1 /* Release */,
			);
			defaultConfigurationIsVisible = 0;
		};
		A90D76DB1D09698000A4D7A1 /* Build configuration list for PBXNativeTarget "pitch_perfectUITests" */ = {
			isa = XCConfigurationList;
			buildConfigurations = (
				A90D76DC1D09698000A4D7A1 /* Debug */,
				A90D76DD1D09698000A4D7A1 /* Release */,
			);
			defaultConfigurationIsVisible = 0;
		};
/* End XCConfigurationList section */
	};
	rootObject = A90D76A51D09698000A4D7A1 /* Project object */;
}
